
Microsoft Visual Studio Solution File, Format Version 12.00
# Visual Studio Version 16
VisualStudioVersion = 16.0.30114.105
MinimumVisualStudioVersion = 10.0.40219.1
Project("{FAE04EC0-301F-11D3-BF4B-00C04F79EFBC}") = "FormBuilderApp", "src\FormBuilderApp\FormBuilderApp.csproj", "{C51513D0-832B-4FAB-A71E-3E00961D9056}"
EndProject
Project("{FAE04EC0-301F-11D3-BF4B-00C04F79EFBC}") = "FormBuilder.Entities", "src\FormBuilder.Entities\FormBuilder.Entities.csproj", "{9536A18F-DF8A-444A-A247-75D1134A9F26}"
EndProject
Project("{FAE04EC0-301F-11D3-BF4B-00C04F79EFBC}") = "FormBuilder.Services", "src\FormBuilder.Services\FormBuilder.Services.csproj", "{97F709CA-115F-455A-AAF9-5E63470EA1F0}"
EndProject
Project("{FAE04EC0-301F-11D3-BF4B-00C04F79EFBC}") = "FormBuilder.Domains", "src\FormBuilder.Domains\FormBuilder.Domains.csproj", "{4710D330-3061-43D0-9B9E-ECC882ED8AB6}"
EndProject
Project("{FAE04EC0-301F-11D3-BF4B-00C04F79EFBC}") = "FormBuilder.Data", "src\FormBuilder.Data\FormBuilder.Data.csproj", "{BBEAA704-2D3A-43AF-8D39-D495DC4538ED}"
EndProject
Project("{FAE04EC0-301F-11D3-BF4B-00C04F79EFBC}") = "FormBuilder.Data.SqlServer", "src\FormBuilder.Data.SqlServer\FormBuilder.Data.SqlServer.csproj", "{07BEAD30-B9B4-4F4B-8D76-2ECE10526446}"
EndProject
Global
	GlobalSection(SolutionConfigurationPlatforms) = preSolution
		Debug|Any CPU = Debug|Any CPU
		Release|Any CPU = Release|Any CPU
	EndGlobalSection
	GlobalSection(SolutionProperties) = preSolution
		HideSolutionNode = FALSE
	EndGlobalSection
	GlobalSection(ProjectConfigurationPlatforms) = postSolution
		{C51513D0-832B-4FAB-A71E-3E00961D9056}.Debug|Any CPU.ActiveCfg = Debug|Any CPU
		{C51513D0-832B-4FAB-A71E-3E00961D9056}.Debug|Any CPU.Build.0 = Debug|Any CPU
		{C51513D0-832B-4FAB-A71E-3E00961D9056}.Release|Any CPU.ActiveCfg = Release|Any CPU
		{C51513D0-832B-4FAB-A71E-3E00961D9056}.Release|Any CPU.Build.0 = Release|Any CPU
		{9536A18F-DF8A-444A-A247-75D1134A9F26}.Debug|Any CPU.ActiveCfg = Debug|Any CPU
		{9536A18F-DF8A-444A-A247-75D1134A9F26}.Debug|Any CPU.Build.0 = Debug|Any CPU
		{9536A18F-DF8A-444A-A247-75D1134A9F26}.Release|Any CPU.ActiveCfg = Release|Any CPU
		{9536A18F-DF8A-444A-A247-75D1134A9F26}.Release|Any CPU.Build.0 = Release|Any CPU
		{97F709CA-115F-455A-AAF9-5E63470EA1F0}.Debug|Any CPU.ActiveCfg = Debug|Any CPU
		{97F709CA-115F-455A-AAF9-5E63470EA1F0}.Debug|Any CPU.Build.0 = Debug|Any CPU
		{97F709CA-115F-455A-AAF9-5E63470EA1F0}.Release|Any CPU.ActiveCfg = Release|Any CPU
		{97F709CA-115F-455A-AAF9-5E63470EA1F0}.Release|Any CPU.Build.0 = Release|Any CPU
		{4710D330-3061-43D0-9B9E-ECC882ED8AB6}.Debug|Any CPU.ActiveCfg = Debug|Any CPU
		{4710D330-3061-43D0-9B9E-ECC882ED8AB6}.Debug|Any CPU.Build.0 = Debug|Any CPU
		{4710D330-3061-43D0-9B9E-ECC882ED8AB6}.Release|Any CPU.ActiveCfg = Release|Any CPU
		{4710D330-3061-43D0-9B9E-ECC882ED8AB6}.Release|Any CPU.Build.0 = Release|Any CPU
		{BBEAA704-2D3A-43AF-8D39-D495DC4538ED}.Debug|Any CPU.ActiveCfg = Debug|Any CPU
		{BBEAA704-2D3A-43AF-8D39-D495DC4538ED}.Debug|Any CPU.Build.0 = Debug|Any CPU
		{BBEAA704-2D3A-43AF-8D39-D495DC4538ED}.Release|Any CPU.ActiveCfg = Release|Any CPU
		{BBEAA704-2D3A-43AF-8D39-D495DC4538ED}.Release|Any CPU.Build.0 = Release|Any CPU
		{07BEAD30-B9B4-4F4B-8D76-2ECE10526446}.Debug|Any CPU.ActiveCfg = Debug|Any CPU
		{07BEAD30-B9B4-4F4B-8D76-2ECE10526446}.Debug|Any CPU.Build.0 = Debug|Any CPU
		{07BEAD30-B9B4-4F4B-8D76-2ECE10526446}.Release|Any CPU.ActiveCfg = Release|Any CPU
		{07BEAD30-B9B4-4F4B-8D76-2ECE10526446}.Release|Any CPU.Build.0 = Release|Any CPU
	EndGlobalSection
EndGlobal
